// !$*UTF8*$!
{
	archiveVersion = 1;
	classes = {
	};
	objectVersion = 46;
	objects = {

/* Begin PBXBuildFile section */
		582BE6CE1AD92D5C00949BDD /* main.m in Sources */ = {isa = PBXBuildFile; fileRef = 582BE6CD1AD92D5C00949BDD /* main.m */; };
		582BE6D11AD92D5C00949BDD /* AppDelegate.m in Sources */ = {isa = PBXBuildFile; fileRef = 582BE6D01AD92D5C00949BDD /* AppDelegate.m */; };
		582BE6D41AD92D5C00949BDD /* ViewController.m in Sources */ = {isa = PBXBuildFile; fileRef = 582BE6D31AD92D5C00949BDD /* ViewController.m */; };
		582BE6D71AD92D5C00949BDD /* Main.storyboard in Resources */ = {isa = PBXBuildFile; fileRef = 582BE6D51AD92D5C00949BDD /* Main.storyboard */; };
		582BE6D91AD92D5C00949BDD /* Images.xcassets in Resources */ = {isa = PBXBuildFile; fileRef = 582BE6D81AD92D5C00949BDD /* Images.xcassets */; };
		582BE6DC1AD92D5C00949BDD /* LaunchScreen.xib in Resources */ = {isa = PBXBuildFile; fileRef = 582BE6DA1AD92D5C00949BDD /* LaunchScreen.xib */; };
		582BE6E81AD92D5D00949BDD /* KulizaTechProblemTests.m in Sources */ = {isa = PBXBuildFile; fileRef = 582BE6E71AD92D5D00949BDD /* KulizaTechProblemTests.m */; };
		586AFE5C1AD9398A003DA6A3 /* ProductView.xib in Resources */ = {isa = PBXBuildFile; fileRef = 586AFE5B1AD9398A003DA6A3 /* ProductView.xib */; };
		586AFE601AD940B2003DA6A3 /* ProductView.m in Sources */ = {isa = PBXBuildFile; fileRef = 586AFE5F1AD940B2003DA6A3 /* ProductView.m */; };
		586AFE631AD942BB003DA6A3 /* ProductData.m in Sources */ = {isa = PBXBuildFile; fileRef = 586AFE621AD942BB003DA6A3 /* ProductData.m */; };
		58AE88771AD94876000875E4 /* UIKit.framework in Frameworks */ = {isa = PBXBuildFile; fileRef = 58AE88761AD94876000875E4 /* UIKit.framework */; };
/* End PBXBuildFile section */

/* Begin PBXContainerItemProxy section */
		582BE6E21AD92D5D00949BDD /* PBXContainerItemProxy */ = {
			isa = PBXContainerItemProxy;
			containerPortal = 582BE6C01AD92D5C00949BDD /* Project object */;
			proxyType = 1;
			remoteGlobalIDString = 582BE6C71AD92D5C00949BDD;
			remoteInfo = KulizaTechProblem;
		};
/* End PBXContainerItemProxy section */

/* Begin PBXFileReference section */
		582BE6C81AD92D5C00949BDD /* KulizaTechProblem.app */ = {isa = PBXFileReference; explicitFileType = wrapper.application; includeInIndex = 0; path = KulizaTechProblem.app; sourceTree = BUILT_PRODUCTS_DIR; };
		582BE6CC1AD92D5C00949BDD /* Info.plist */ = {isa = PBXFileReference; lastKnownFileType = text.plist.xml; path = Info.plist; sourceTree = "<group>"; };
		582BE6CD1AD92D5C00949BDD /* main.m */ = {isa = PBXFileReference; lastKnownFileType = sourcecode.c.objc; path = main.m; sourceTree = "<group>"; };
		582BE6CF1AD92D5C00949BDD /* AppDelegate.h */ = {isa = PBXFileReference; lastKnownFileType = sourcecode.c.h; path = AppDelegate.h; sourceTree = "<group>"; };
		582BE6D01AD92D5C00949BDD /* AppDelegate.m */ = {isa = PBXFileReference; lastKnownFileType = sourcecode.c.objc; path = AppDelegate.m; sourceTree = "<group>"; };
		582BE6D21AD92D5C00949BDD /* ViewController.h */ = {isa = PBXFileReference; lastKnownFileType = sourcecode.c.h; path = ViewController.h; sourceTree = "<group>"; };
		582BE6D31AD92D5C00949BDD /* ViewController.m */ = {isa = PBXFileReference; lastKnownFileType = sourcecode.c.objc; path = ViewController.m; sourceTree = "<group>"; };
		582BE6D61AD92D5C00949BDD /* Base */ = {isa = PBXFileReference; lastKnownFileType = file.storyboard; name = Base; path = Base.lproj/Main.storyboard; sourceTree = "<group>"; };
		582BE6D81AD92D5C00949BDD /* Images.xcassets */ = {isa = PBXFileReference; lastKnownFileType = folder.assetcatalog; name = Images.xcassets; path = ../Images.xcassets; sourceTree = "<group>"; };
		582BE6DB1AD92D5C00949BDD /* Base */ = {isa = PBXFileReference; lastKnownFileType = file.xib; name = Base; path = Base.lproj/LaunchScreen.xib; sourceTree = "<group>"; };
		582BE6E11AD92D5D00949BDD /* KulizaTechProblemTests.xctest */ = {isa = PBXFileReference; explicitFileType = wrapper.cfbundle; includeInIndex = 0; path = KulizaTechProblemTests.xctest; sourceTree = BUILT_PRODUCTS_DIR; };
		582BE6E61AD92D5D00949BDD /* Info.plist */ = {isa = PBXFileReference; lastKnownFileType = text.plist.xml; path = Info.plist; sourceTree = "<group>"; };
		582BE6E71AD92D5D00949BDD /* KulizaTechProblemTests.m */ = {isa = PBXFileReference; lastKnownFileType = sourcecode.c.objc; path = KulizaTechProblemTests.m; sourceTree = "<group>"; };
		582BE6F11AD92E0100949BDD /* Constants.h */ = {isa = PBXFileReference; lastKnownFileType = sourcecode.c.h; path = Constants.h; sourceTree = "<group>"; };
		586AFE5B1AD9398A003DA6A3 /* ProductView.xib */ = {isa = PBXFileReference; fileEncoding = 4; lastKnownFileType = file.xib; path = ProductView.xib; sourceTree = "<group>"; };
		586AFE5E1AD940B2003DA6A3 /* ProductView.h */ = {isa = PBXFileReference; fileEncoding = 4; lastKnownFileType = sourcecode.c.h; path = ProductView.h; sourceTree = "<group>"; };
		586AFE5F1AD940B2003DA6A3 /* ProductView.m */ = {isa = PBXFileReference; fileEncoding = 4; lastKnownFileType = sourcecode.c.objc; path = ProductView.m; sourceTree = "<group>"; };
		586AFE611AD942BB003DA6A3 /* ProductData.h */ = {isa = PBXFileReference; fileEncoding = 4; lastKnownFileType = sourcecode.c.h; path = ProductData.h; sourceTree = "<group>"; };
		586AFE621AD942BB003DA6A3 /* ProductData.m */ = {isa = PBXFileReference; fileEncoding = 4; lastKnownFileType = sourcecode.c.objc; path = ProductData.m; sourceTree = "<group>"; };
		58AE88761AD94876000875E4 /* UIKit.framework */ = {isa = PBXFileReference; lastKnownFileType = wrapper.framework; name = UIKit.framework; path = System/Library/Frameworks/UIKit.framework; sourceTree = SDKROOT; };
/* End PBXFileReference section */

/* Begin PBXFrameworksBuildPhase section */
		582BE6C51AD92D5C00949BDD /* Frameworks */ = {
			isa = PBXFrameworksBuildPhase;
			buildActionMask = 2147483647;
			files = (
				58AE88771AD94876000875E4 /* UIKit.framework in Frameworks */,
			);
			runOnlyForDeploymentPostprocessing = 0;
		};
		582BE6DE1AD92D5D00949BDD /* Frameworks */ = {
			isa = PBXFrameworksBuildPhase;
			buildActionMask = 2147483647;
			files = (
			);
			runOnlyForDeploymentPostprocessing = 0;
		};
/* End PBXFrameworksBuildPhase section */

/* Begin PBXGroup section */
		582BE6BF1AD92D5C00949BDD = {
			isa = PBXGroup;
			children = (
				58AE88761AD94876000875E4 /* UIKit.framework */,
				582BE6CA1AD92D5C00949BDD /* KulizaTechProblem */,
				582BE6E41AD92D5D00949BDD /* KulizaTechProblemTests */,
				582BE6C91AD92D5C00949BDD /* Products */,
			);
			sourceTree = "<group>";
		};
		582BE6C91AD92D5C00949BDD /* Products */ = {
			isa = PBXGroup;
			children = (
				582BE6C81AD92D5C00949BDD /* KulizaTechProblem.app */,
				582BE6E11AD92D5D00949BDD /* KulizaTechProblemTests.xctest */,
			);
			name = Products;
			sourceTree = "<group>";
		};
		582BE6CA1AD92D5C00949BDD /* KulizaTechProblem */ = {
			isa = PBXGroup;
			children = (
				586AFE5D1AD940A2003DA6A3 /* CustomUI */,
				58F55B011AD937A200F7C5FE /* Resources */,
				582BE6CF1AD92D5C00949BDD /* AppDelegate.h */,
				582BE6D01AD92D5C00949BDD /* AppDelegate.m */,
				582BE6D21AD92D5C00949BDD /* ViewController.h */,
				582BE6D31AD92D5C00949BDD /* ViewController.m */,
				582BE6CB1AD92D5C00949BDD /* Supporting Files */,
				582BE6F11AD92E0100949BDD /* Constants.h */,
			);
			path = KulizaTechProblem;
			sourceTree = "<group>";
		};
		582BE6CB1AD92D5C00949BDD /* Supporting Files */ = {
			isa = PBXGroup;
			children = (
				582BE6CC1AD92D5C00949BDD /* Info.plist */,
				582BE6CD1AD92D5C00949BDD /* main.m */,
			);
			name = "Supporting Files";
			sourceTree = "<group>";
		};
		582BE6E41AD92D5D00949BDD /* KulizaTechProblemTests */ = {
			isa = PBXGroup;
			children = (
				582BE6E71AD92D5D00949BDD /* KulizaTechProblemTests.m */,
				582BE6E51AD92D5D00949BDD /* Supporting Files */,
			);
			path = KulizaTechProblemTests;
			sourceTree = "<group>";
		};
		582BE6E51AD92D5D00949BDD /* Supporting Files */ = {
			isa = PBXGroup;
			children = (
				582BE6E61AD92D5D00949BDD /* Info.plist */,
			);
			name = "Supporting Files";
			sourceTree = "<group>";
		};
		586AFE5D1AD940A2003DA6A3 /* CustomUI */ = {
			isa = PBXGroup;
			children = (
				586AFE5E1AD940B2003DA6A3 /* ProductView.h */,
				586AFE5F1AD940B2003DA6A3 /* ProductView.m */,
				586AFE611AD942BB003DA6A3 /* ProductData.h */,
				586AFE621AD942BB003DA6A3 /* ProductData.m */,
			);
			path = CustomUI;
			sourceTree = "<group>";
		};
		58F55B011AD937A200F7C5FE /* Resources */ = {
			isa = PBXGroup;
			children = (
				582BE6DA1AD92D5C00949BDD /* LaunchScreen.xib */,
				582BE6D81AD92D5C00949BDD /* Images.xcassets */,
				582BE6D51AD92D5C00949BDD /* Main.storyboard */,
				586AFE5B1AD9398A003DA6A3 /* ProductView.xib */,
			);
			path = Resources;
			sourceTree = "<group>";
		};
/* End PBXGroup section */

/* Begin PBXNativeTarget section */
		582BE6C71AD92D5C00949BDD /* KulizaTechProblem */ = {
			isa = PBXNativeTarget;
			buildConfigurationList = 582BE6EB1AD92D5D00949BDD /* Build configuration list for PBXNativeTarget "KulizaTechProblem" */;
			buildPhases = (
				582BE6C41AD92D5C00949BDD /* Sources */,
				582BE6C51AD92D5C00949BDD /* Frameworks */,
				582BE6C61AD92D5C00949BDD /* Resources */,
			);
			buildRules = (
			);
			dependencies = (
			);
			name = KulizaTechProblem;
			productName = KulizaTechProblem;
			productReference = 582BE6C81AD92D5C00949BDD /* KulizaTechProblem.app */;
			productType = "com.apple.product-type.application";
		};
		582BE6E01AD92D5D00949BDD /* KulizaTechProblemTests */ = {
			isa = PBXNativeTarget;
			buildConfigurationList = 582BE6EE1AD92D5D00949BDD /* Build configuration list for PBXNativeTarget "KulizaTechProblemTests" */;
			buildPhases = (
				582BE6DD1AD92D5D00949BDD /* Sources */,
				582BE6DE1AD92D5D00949BDD /* Frameworks */,
				582BE6DF1AD92D5D00949BDD /* Resources */,
			);
			buildRules = (
			);
			dependencies = (
				582BE6E31AD92D5D00949BDD /* PBXTargetDependency */,
			);
			name = KulizaTechProblemTests;
			productName = KulizaTechProblemTests;
			productReference = 582BE6E11AD92D5D00949BDD /* KulizaTechProblemTests.xctest */;
			productType = "com.apple.product-type.bundle.unit-test";
		};
/* End PBXNativeTarget section */

/* Begin PBXProject section */
		582BE6C01AD92D5C00949BDD /* Project object */ = {
			isa = PBXProject;
			attributes = {
				LastUpgradeCheck = 0630;
				ORGANIZATIONNAME = "Pankaj Sharma";
				TargetAttributes = {
					582BE6C71AD92D5C00949BDD = {
						CreatedOnToolsVersion = 6.3;
						DevelopmentTeam = 452PZ4P22K;
					};
					582BE6E01AD92D5D00949BDD = {
						CreatedOnToolsVersion = 6.3;
						TestTargetID = 582BE6C71AD92D5C00949BDD;
					};
				};
			};
			buildConfigurationList = 582BE6C31AD92D5C00949BDD /* Build configuration list for PBXProject "KulizaTechProblem" */;
			compatibilityVersion = "Xcode 3.2";
			developmentRegion = English;
			hasScannedForEncodings = 0;
			knownRegions = (
				en,
				Base,
			);
			mainGroup = 582BE6BF1AD92D5C00949BDD;
			productRefGroup = 582BE6C91AD92D5C00949BDD /* Products */;
			projectDirPath = "";
			projectRoot = "";
			targets = (
				582BE6C71AD92D5C00949BDD /* KulizaTechProblem */,
				582BE6E01AD92D5D00949BDD /* KulizaTechProblemTests */,
			);
		};
/* End PBXProject section */

/* Begin PBXResourcesBuildPhase section */
		582BE6C61AD92D5C00949BDD /* Resources */ = {
			isa = PBXResourcesBuildPhase;
			buildActionMask = 2147483647;
			files = (
				586AFE5C1AD9398A003DA6A3 /* ProductView.xib in Resources */,
				582BE6D71AD92D5C00949BDD /* Main.storyboard in Resources */,
				582BE6DC1AD92D5C00949BDD /* LaunchScreen.xib in Resources */,
				582BE6D91AD92D5C00949BDD /* Images.xcassets in Resources */,
			);
			runOnlyForDeploymentPostprocessing = 0;
		};
		582BE6DF1AD92D5D00949BDD /* Resources */ = {
			isa = PBXResourcesBuildPhase;
			buildActionMask = 2147483647;
			files = (
			);
			runOnlyForDeploymentPostprocessing = 0;
		};
/* End PBXResourcesBuildPhase section */

/* Begin PBXSourcesBuildPhase section */
		582BE6C41AD92D5C00949BDD /* Sources */ = {
			isa = PBXSourcesBuildPhase;
			buildActionMask = 2147483647;
			files = (
				586AFE601AD940B2003DA6A3 /* ProductView.m in Sources */,
				582BE6D41AD92D5C00949BDD /* ViewController.m in Sources */,
				582BE6D11AD92D5C00949BDD /* AppDelegate.m in Sources */,
				586AFE631AD942BB003DA6A3 /* ProductData.m in Sources */,
				582BE6CE1AD92D5C00949BDD /* main.m in Sources */,
			);
			runOnlyForDeploymentPostprocessing = 0;
		};
		582BE6DD1AD92D5D00949BDD /* Sources */ = {
			isa = PBXSourcesBuildPhase;
			buildActionMask = 2147483647;
			files = (
				582BE6E81AD92D5D00949BDD /* KulizaTechProblemTests.m in Sources */,
			);
			runOnlyForDeploymentPostprocessing = 0;
		};
/* End PBXSourcesBuildPhase section */

/* Begin PBXTargetDependency section */
		582BE6E31AD92D5D00949BDD /* PBXTargetDependency */ = {
			isa = PBXTargetDependency;
			target = 582BE6C71AD92D5C00949BDD /* KulizaTechProblem */;
			targetProxy = 582BE6E21AD92D5D00949BDD /* PBXContainerItemProxy */;
		};
/* End PBXTargetDependency section */

/* Begin PBXVariantGroup section */
		582BE6D51AD92D5C00949BDD /* Main.storyboard */ = {
			isa = PBXVariantGroup;
			children = (
				582BE6D61AD92D5C00949BDD /* Base */,
			);
			name = Main.storyboard;
			path = ..;
			sourceTree = "<group>";
		};
		582BE6DA1AD92D5C00949BDD /* LaunchScreen.xib */ = {
			isa = PBXVariantGroup;
			children = (
				582BE6DB1AD92D5C00949BDD /* Base */,
			);
			name = LaunchScreen.xib;
			path = ..;
			sourceTree = "<group>";
		};
/* End PBXVariantGroup section */

/* Begin XCBuildConfiguration section */
		582BE6E91AD92D5D00949BDD /* Debug */ = {
			isa = XCBuildConfiguration;
			buildSettings = {
				ALWAYS_SEARCH_USER_PATHS = NO;
				CLANG_CXX_LANGUAGE_STANDARD = "gnu++0x";
				CLANG_CXX_LIBRARY = "libc++";
				CLANG_ENABLE_MODULES = YES;
				CLANG_ENABLE_OBJC_ARC = YES;
				CLANG_WARN_BOOL_CONVERSION = YES;
				CLANG_WARN_CONSTANT_CONVERSION = YES;
				CLANG_WARN_DIRECT_OBJC_ISA_USAGE = YES_ERROR;
				CLANG_WARN_EMPTY_BODY = YES;
				CLANG_WARN_ENUM_CONVERSION = YES;
				CLANG_WARN_INT_CONVERSION = YES;
				CLANG_WARN_OBJC_ROOT_CLASS = YES_ERROR;
				CLANG_WARN_UNREACHABLE_CODE = YES;
				CLANG_WARN__DUPLICATE_METHOD_MATCH = YES;
				"CODE_SIGN_IDENTITY[sdk=iphoneos*]" = "iPhone Developer";
				COPY_PHASE_STRIP = NO;
				DEBUG_INFORMATION_FORMAT = "dwarf-with-dsym";
				ENABLE_STRICT_OBJC_MSGSEND = YES;
				GCC_C_LANGUAGE_STANDARD = gnu99;
				GCC_DYNAMIC_NO_PIC = NO;
				GCC_NO_COMMON_BLOCKS = YES;
				GCC_OPTIMIZATION_LEVEL = 0;
				GCC_PREPROCESSOR_DEFINITIONS = (
					"DEBUG=1",
					"$(inherited)",
				);
				GCC_SYMBOLS_PRIVATE_EXTERN = NO;
				GCC_WARN_64_TO_32_BIT_CONVERSION = YES;
				GCC_WARN_ABOUT_RETURN_TYPE = YES_ERROR;
				GCC_WARN_UNDECLARED_SELECTOR = YES;
				GCC_WARN_UNINITIALIZED_AUTOS = YES_AGGRESSIVE;
				GCC_WARN_UNUSED_FUNCTION = YES;
				GCC_WARN_UNUSED_VARIABLE = YES;
				IPHONEOS_DEPLOYMENT_TARGET = 7.0;
				MTL_ENABLE_DEBUG_INFO = YES;
				ONLY_ACTIVE_ARCH = YES;
				SDKROOT = iphoneos;
				TARGETED_DEVICE_FAMILY = "1,2";
			};
			name = Debug;
		};
		582BE6EA1AD92D5D00949BDD /* Release */ = {
			isa = XCBuildConfiguration;
			buildSettings = {
				ALWAYS_SEARCH_USER_PATHS = NO;
				CLANG_CXX_LANGUAGE_STANDARD = "gnu++0x";
				CLANG_CXX_LIBRARY = "libc++";
				CLANG_ENABLE_MODULES = YES;
				CLANG_ENABLE_OBJC_ARC = YES;
				CLANG_WARN_BOOL_CONVERSION = YES;
				CLANG_WARN_CONSTANT_CONVERSION = YES;
				CLANG_WARN_DIRECT_OBJC_ISA_USAGE = YES_ERROR;
				CLANG_WARN_EMPTY_BODY = YES;
				CLANG_WARN_ENUM_CONVERSION = YES;
				CLANG_WARN_INT_CONVERSION = YES;
				CLANG_WARN_OBJC_ROOT_CLASS = YES_ERROR;
				CLANG_WARN_UNREACHABLE_CODE = YES;
				CLANG_WARN__DUPLICATE_METHOD_MATCH = YES;
				"CODE_SIGN_IDENTITY[sdk=iphoneos*]" = "iPhone Developer";
				COPY_PHASE_STRIP = NO;
				DEBUG_INFORMATION_FORMAT = "dwarf-with-dsym";
				ENABLE_NS_ASSERTIONS = NO;
				ENABLE_STRICT_OBJC_MSGSEND = YES;
				GCC_C_LANGUAGE_STANDARD = gnu99;
				GCC_NO_COMMON_BLOCKS = YES;
				GCC_WARN_64_TO_32_BIT_CONVERSION = YES;
				GCC_WARN_ABOUT_RETURN_TYPE = YES_ERROR;
				GCC_WARN_UNDECLARED_SELECTOR = YES;
				GCC_WARN_UNINITIALIZED_AUTOS = YES_AGGRESSIVE;
				GCC_WARN_UNUSED_FUNCTION = YES;
				GCC_WARN_UNUSED_VARIABLE = YES;
				IPHONEOS_DEPLOYMENT_TARGET = 7.0;
				MTL_ENABLE_DEBUG_INFO = NO;
				SDKROOT = iphoneos;
				TARGETED_DEVICE_FAMILY = "1,2";
				VALIDATE_PRODUCT = YES;
			};
			name = Release;
		};
		582BE6EC1AD92D5D00949BDD /* Debug */ = {
			isa = XCBuildConfiguration;
			buildSettings = {
				ASSETCATALOG_COMPILER_APPICON_NAME = AppIcon;
				ASSETCATALOG_COMPILER_LAUNCHIMAGE_NAME = LaunchImage;
				CODE_SIGN_IDENTITY = "iPhone Developer";
				INFOPLIST_FILE = KulizaTechProblem/Info.plist;
				LD_RUNPATH_SEARCH_PATHS = "$(inherited) @executable_path/Frameworks";
				PRODUCT_NAME = "$(TARGET_NAME)";
			};
			name = Debug;
		};
		582BE6ED1AD92D5D00949BDD /* Release */ = {
			isa = XCBuildConfiguration;
			buildSettings = {
				ASSETCATALOG_COMPILER_APPICON_NAME = AppIcon;
				ASSETCATALOG_COMPILER_LAUNCHIMAGE_NAME = LaunchImage;
				CODE_SIGN_IDENTITY = "iPhone Developer";
				INFOPLIST_FILE = KulizaTechProblem/Info.plist;
				LD_RUNPATH_SEARCH_PATHS = "$(inherited) @executable_path/Frameworks";
				PRODUCT_NAME = "$(TARGET_NAME)";
			};
			name = Release;
		};
		582BE6EF1AD92D5D00949BDD /* Debug */ = {
			isa = XCBuildConfiguration;
			buildSettings = {
				BUNDLE_LOADER = "$(TEST_HOST)";
				FRAMEWORK_SEARCH_PATHS = (
					"$(SDKROOT)/Developer/Library/Frameworks",
					"$(inherited)",
				);
				GCC_PREPROCESSOR_DEFINITIONS = (
					"DEBUG=1",
					"$(inherited)",
				);
				INFOPLIST_FILE = KulizaTechProblemTests/Info.plist;
				LD_RUNPATH_SEARCH_PATHS = "$(inherited) @executable_path/Frameworks @loader_path/Frameworks";
				PRODUCT_NAME = "$(TARGET_NAME)";
				TEST_HOST = "$(BUILT_PRODUCTS_DIR)/KulizaTechProblem.app/KulizaTechProblem";
			};
			name = Debug;
		};
		582BE6F01AD92D5D00949BDD /* Release */ = {
			isa = XCBuildConfiguration;
			buildSettings = {
				BUNDLE_LOADER = "$(TEST_HOST)";
				FRAMEWORK_SEARCH_PATHS = (
					"$(SDKROOT)/Developer/Library/Frameworks",
					"$(inherited)",
				);
				INFOPLIST_FILE = KulizaTechProblemTests/Info.plist;
				LD_RUNPATH_SEARCH_PATHS = "$(inherited) @executable_path/Frameworks @loader_path/Frameworks";
				PRODUCT_NAME = "$(TARGET_NAME)";
				TEST_HOST = "$(BUILT_PRODUCTS_DIR)/KulizaTechProblem.app/KulizaTechProblem";
			};
			name = Release;
		};
/* End XCBuildConfiguration section */

/* Begin XCConfigurationList section */
		582BE6C31AD92D5C00949BDD /* Build configuration list for PBXProject "KulizaTechProblem" */ = {
			isa = XCConfigurationList;
			buildConfigurations = (
				582BE6E91AD92D5D00949BDD /* Debug */,
				582BE6EA1AD92D5D00949BDD /* Release */,
			);
			defaultConfigurationIsVisible = 0;
			defaultConfigurationName = Release;
		};
		582BE6EB1AD92D5D00949BDD /* Build configuration list for PBXNativeTarget "KulizaTechProblem" */ = {
			isa = XCConfigurationList;
			buildConfigurations = (
				582BE6EC1AD92D5D00949BDD /* Debug */,
				582BE6ED1AD92D5D00949BDD /* Release */,
			);
			defaultConfigurationIsVisible = 0;
			defaultConfigurationName = Release;
		};
		582BE6EE1AD92D5D00949BDD /* Build configuration list for PBXNativeTarget "KulizaTechProblemTests" */ = {
			isa = XCConfigurationList;
			buildConfigurations = (
				582BE6EF1AD92D5D00949BDD /* Debug */,
				582BE6F01AD92D5D00949BDD /* Release */,
			);
			defaultConfigurationIsVisible = 0;
			defaultConfigurationName = Release;
		};
/* End XCConfigurationList section */
	};
	rootObject = 582BE6C01AD92D5C00949BDD /* Project object */;
}
